
Microsoft Visual Studio Solution File, Format Version 12.00
# Visual Studio Version 16
VisualStudioVersion = 16.0.29025.244
MinimumVisualStudioVersion = 10.0.40219.1
Project("{8BC9CEB8-8B4A-11D0-8D11-00A0C91BC942}") = "Ejercicio_1", "Deberes_OOP\Deberes_OOP.vcxproj", "{2B28EC9E-7425-43E7-A23B-A3661A07A005}"
EndProject
Project("{8BC9CEB8-8B4A-11D0-8D11-00A0C91BC942}") = "Ejercicio_2", "Ejercicio_2\Ejercicio_2.vcxproj", "{B22D2D58-84EA-469E-AA80-082CE605F989}"
EndProject
Project("{8BC9CEB8-8B4A-11D0-8D11-00A0C91BC942}") = "Ejercicio_3", "Ejercicio_3\Ejercicio_3.vcxproj", "{4E0494A7-1397-49EC-A0A8-4285EB65FD79}"
EndProject
Project("{8BC9CEB8-8B4A-11D0-8D11-00A0C91BC942}") = "Ejercicio_4", "Ejercicio_4\Ejercicio_4.vcxproj", "{9AD14E0A-1DF0-421D-A08D-A8E871D44283}"
EndProject
Project("{8BC9CEB8-8B4A-11D0-8D11-00A0C91BC942}") = "Ejercicio_5", "Ejercicio_5\Ejercicio_5.vcxproj", "{EF034785-A41F-4B62-AFF8-A92B3B834F82}"
EndProject
Project("{8BC9CEB8-8B4A-11D0-8D11-00A0C91BC942}") = "Ejercicio_6", "Ejercicio_6\Ejercicio_6.vcxproj", "{1B77448D-E56E-44F2-97B1-887D47703E1F}"
EndProject
Global
	GlobalSection(SolutionConfigurationPlatforms) = preSolution
		Debug|x64 = Debug|x64
		Debug|x86 = Debug|x86
		Release|x64 = Release|x64
		Release|x86 = Release|x86
	EndGlobalSection
	GlobalSection(ProjectConfigurationPlatforms) = postSolution
		{2B28EC9E-7425-43E7-A23B-A3661A07A005}.Debug|x64.ActiveCfg = Debug|x64
		{2B28EC9E-7425-43E7-A23B-A3661A07A005}.Debug|x64.Build.0 = Debug|x64
		{2B28EC9E-7425-43E7-A23B-A3661A07A005}.Debug|x86.ActiveCfg = Debug|Win32
		{2B28EC9E-7425-43E7-A23B-A3661A07A005}.Debug|x86.Build.0 = Debug|Win32
		{2B28EC9E-7425-43E7-A23B-A3661A07A005}.Release|x64.ActiveCfg = Release|x64
		{2B28EC9E-7425-43E7-A23B-A3661A07A005}.Release|x64.Build.0 = Release|x64
		{2B28EC9E-7425-43E7-A23B-A3661A07A005}.Release|x86.ActiveCfg = Release|Win32
		{2B28EC9E-7425-43E7-A23B-A3661A07A005}.Release|x86.Build.0 = Release|Win32
		{B22D2D58-84EA-469E-AA80-082CE605F989}.Debug|x64.ActiveCfg = Debug|x64
		{B22D2D58-84EA-469E-AA80-082CE605F989}.Debug|x64.Build.0 = Debug|x64
		{B22D2D58-84EA-469E-AA80-082CE605F989}.Debug|x86.ActiveCfg = Debug|Win32
		{B22D2D58-84EA-469E-AA80-082CE605F989}.Debug|x86.Build.0 = Debug|Win32
		{B22D2D58-84EA-469E-AA80-082CE605F989}.Release|x64.ActiveCfg = Release|x64
		{B22D2D58-84EA-469E-AA80-082CE605F989}.Release|x64.Build.0 = Release|x64
		{B22D2D58-84EA-469E-AA80-082CE605F989}.Release|x86.ActiveCfg = Release|Win32
		{B22D2D58-84EA-469E-AA80-082CE605F989}.Release|x86.Build.0 = Release|Win32
		{4E0494A7-1397-49EC-A0A8-4285EB65FD79}.Debug|x64.ActiveCfg = Debug|x64
		{4E0494A7-1397-49EC-A0A8-4285EB65FD79}.Debug|x64.Build.0 = Debug|x64
		{4E0494A7-1397-49EC-A0A8-4285EB65FD79}.Debug|x86.ActiveCfg = Debug|Win32
		{4E0494A7-1397-49EC-A0A8-4285EB65FD79}.Debug|x86.Build.0 = Debug|Win32
		{4E0494A7-1397-49EC-A0A8-4285EB65FD79}.Release|x64.ActiveCfg = Release|x64
		{4E0494A7-1397-49EC-A0A8-4285EB65FD79}.Release|x64.Build.0 = Release|x64
		{4E0494A7-1397-49EC-A0A8-4285EB65FD79}.Release|x86.ActiveCfg = Release|Win32
		{4E0494A7-1397-49EC-A0A8-4285EB65FD79}.Release|x86.Build.0 = Release|Win32
		{9AD14E0A-1DF0-421D-A08D-A8E871D44283}.Debug|x64.ActiveCfg = Debug|x64
		{9AD14E0A-1DF0-421D-A08D-A8E871D44283}.Debug|x64.Build.0 = Debug|x64
		{9AD14E0A-1DF0-421D-A08D-A8E871D44283}.Debug|x86.ActiveCfg = Debug|Win32
		{9AD14E0A-1DF0-421D-A08D-A8E871D44283}.Debug|x86.Build.0 = Debug|Win32
		{9AD14E0A-1DF0-421D-A08D-A8E871D44283}.Release|x64.ActiveCfg = Release|x64
		{9AD14E0A-1DF0-421D-A08D-A8E871D44283}.Release|x64.Build.0 = Release|x64
		{9AD14E0A-1DF0-421D-A08D-A8E871D44283}.Release|x86.ActiveCfg = Release|Win32
		{9AD14E0A-1DF0-421D-A08D-A8E871D44283}.Release|x86.Build.0 = Release|Win32
		{EF034785-A41F-4B62-AFF8-A92B3B834F82}.Debug|x64.ActiveCfg = Debug|x64
		{EF034785-A41F-4B62-AFF8-A92B3B834F82}.Debug|x64.Build.0 = Debug|x64
		{EF034785-A41F-4B62-AFF8-A92B3B834F82}.Debug|x86.ActiveCfg = Debug|Win32
		{EF034785-A41F-4B62-AFF8-A92B3B834F82}.Debug|x86.Build.0 = Debug|Win32
		{EF034785-A41F-4B62-AFF8-A92B3B834F82}.Release|x64.ActiveCfg = Release|x64
		{EF034785-A41F-4B62-AFF8-A92B3B834F82}.Release|x64.Build.0 = Release|x64
		{EF034785-A41F-4B62-AFF8-A92B3B834F82}.Release|x86.ActiveCfg = Release|Win32
		{EF034785-A41F-4B62-AFF8-A92B3B834F82}.Release|x86.Build.0 = Release|Win32
		{1B77448D-E56E-44F2-97B1-887D47703E1F}.Debug|x64.ActiveCfg = Debug|x64
		{1B77448D-E56E-44F2-97B1-887D47703E1F}.Debug|x64.Build.0 = Debug|x64
		{1B77448D-E56E-44F2-97B1-887D47703E1F}.Debug|x86.ActiveCfg = Debug|Win32
		{1B77448D-E56E-44F2-97B1-887D47703E1F}.Debug|x86.Build.0 = Debug|Win32
		{1B77448D-E56E-44F2-97B1-887D47703E1F}.Release|x64.ActiveCfg = Release|x64
		{1B77448D-E56E-44F2-97B1-887D47703E1F}.Release|x64.Build.0 = Release|x64
		{1B77448D-E56E-44F2-97B1-887D47703E1F}.Release|x86.ActiveCfg = Release|Win32
		{1B77448D-E56E-44F2-97B1-887D47703E1F}.Release|x86.Build.0 = Release|Win32
	EndGlobalSection
	GlobalSection(SolutionProperties) = preSolution
		HideSolutionNode = FALSE
	EndGlobalSection
	GlobalSection(ExtensibilityGlobals) = postSolution
		SolutionGuid = {E0D41CAF-A380-4CD2-8D7F-D5B95E790D39}
	EndGlobalSection
EndGlobal
